<?xml version="1.0" encoding="UTF-8"?>
<Scheme
   version = "1.3">
   <BuildAction>
      <BuildActionEntries>
         <BuildActionEntry
            buildForRunning = "YES">
            <BuildableReference
               BuildableIdentifier = "primary"
               BlueprintIdentifier = "B63DD4C6223C57D96EF4E2E6"
               BuildableName = "I Am Rich.app"
               BlueprintName = "I Am Rich"
               ReferencedContainer = "container:I Am Rich.xcodeproj">
            </BuildableReference>
         </BuildActionEntry>
      </BuildActionEntries>
   </BuildAction>
   <LaunchAction
      useCustomWorkingDirectory = "NO"
      buildConfiguration = "Debug"
      allowLocationSimulation = "YES">
      <BuildableProductRunnable>
         <BuildableReference
            BuildableIdentifier = "primary"
            BlueprintIdentifier = "B63DD4C6223C57D96EF4E2E6"
            BuildableName = "I Am Rich.app"
            BlueprintName = "I Am Rich"
            ReferencedContainer = "container:I Am Rich.xcodeproj">
         </BuildableReference>
      </BuildableProductRunnable>
   </LaunchAction>
</Scheme>
